PODS:
  - BNRCoreDataStack (1.2.6)
  - Operations (3.4.0):
    - Operations/Standard (= 3.4.0)
  - Operations/+CloudKit (3.4.0):
    - Operations/Standard
  - Operations/Extension (3.4.0)
  - Operations/Standard (3.4.0)

DEPENDENCIES:
  - BNRCoreDataStack (from `https://github.com/bignerdranch/CoreDataStack.git`, branch
    `rcedwards/swift_2.3`)
  - Operations (~> 3.4.0)
  - Operations/+CloudKit (~> 3.4.0)
  - Operations/Extension (~> 3.4.0)

EXTERNAL SOURCES:
  BNRCoreDataStack:
    :branch: rcedwards/swift_2.3
    :git: https://github.com/bignerdranch/CoreDataStack.git

CHECKOUT OPTIONS:
  BNRCoreDataStack:
    :commit: 3ba3f3dd30655d102fb2a687759b5034e86c70a0
    :git: https://github.com/bignerdranch/CoreDataStack.git

SPEC CHECKSUMS:
  BNRCoreDataStack: 978a8010fb40758a1cac28458194d228bd3e0820
  Operations: cf9f1b79ee7cfe02884ba3db7a82670590b1cfbd

COCOAPODS: 0.39.0
