// !$*UTF8*$!
{
	archiveVersion = 1;
	classes = {
	};
	objectVersion = 46;
	objects = {

/* Begin PBXBuildFile section */
		CC0116202BF53C24686BE3C2 /* Pods_ESTPEvents.framework in Frameworks */ = {isa = PBXBuildFile; fileRef = B732DA91610C0FDAF3B949AB /* Pods_ESTPEvents.framework */; };
		E734F8241D79CE95001E013C /* AppDelegate.swift in Sources */ = {isa = PBXBuildFile; fileRef = E734F8231D79CE95001E013C /* AppDelegate.swift */; };
		E734F8261D79CEA1001E013C /* SharedViewController.swift in Sources */ = {isa = PBXBuildFile; fileRef = E734F8251D79CEA1001E013C /* SharedViewController.swift */; };
		E734F82A1D79CED1001E013C /* Assets.xcassets in Resources */ = {isa = PBXBuildFile; fileRef = E734F8291D79CED1001E013C /* Assets.xcassets */; };
		E734F82F1D79CF08001E013C /* LaunchScreen.storyboard in Resources */ = {isa = PBXBuildFile; fileRef = E734F82D1D79CF08001E013C /* LaunchScreen.storyboard */; };
		E734F8301D79CF08001E013C /* Main.storyboard in Resources */ = {isa = PBXBuildFile; fileRef = E734F82E1D79CF08001E013C /* Main.storyboard */; };
		E756AC001D81A0A90077375D /* FetchRecordsOperation.swift in Sources */ = {isa = PBXBuildFile; fileRef = E756ABFF1D81A0A90077375D /* FetchRecordsOperation.swift */; };
		E756AC041D81AFE40077375D /* FetchRecordOperation.swift in Sources */ = {isa = PBXBuildFile; fileRef = E756AC031D81AFE40077375D /* FetchRecordOperation.swift */; };
		E756AC061D81E49A0077375D /* ModifyEventViewController.swift in Sources */ = {isa = PBXBuildFile; fileRef = E756AC051D81E49A0077375D /* ModifyEventViewController.swift */; };
		E756AC091D81E6730077375D /* ModifyEventRow.swift in Sources */ = {isa = PBXBuildFile; fileRef = E756AC081D81E6730077375D /* ModifyEventRow.swift */; };
		E756AC0B1D81E8DB0077375D /* RawRepresentable.swift in Sources */ = {isa = PBXBuildFile; fileRef = E756AC0A1D81E8DB0077375D /* RawRepresentable.swift */; };
		E756AC0D1D81E9DB0077375D /* TextViewCell.swift in Sources */ = {isa = PBXBuildFile; fileRef = E756AC0C1D81E9DB0077375D /* TextViewCell.swift */; };
		E756AC111D81F8DA0077375D /* TextFieldCell.swift in Sources */ = {isa = PBXBuildFile; fileRef = E756AC101D81F8DA0077375D /* TextFieldCell.swift */; };
		E756AC151D81FA8A0077375D /* BooleanCell.swift in Sources */ = {isa = PBXBuildFile; fileRef = E756AC141D81FA8A0077375D /* BooleanCell.swift */; };
		E756AC171D81FAC90077375D /* BooleanCell.xib in Resources */ = {isa = PBXBuildFile; fileRef = E756AC161D81FAC90077375D /* BooleanCell.xib */; };
		E76570301D82A00400304D3E /* TextCell.swift in Sources */ = {isa = PBXBuildFile; fileRef = E765702F1D82A00400304D3E /* TextCell.swift */; };
		E76570321D82A01D00304D3E /* TextCell.xib in Resources */ = {isa = PBXBuildFile; fileRef = E76570311D82A01D00304D3E /* TextCell.xib */; };
		E76570341D82BFDF00304D3E /* ColorCell.swift in Sources */ = {isa = PBXBuildFile; fileRef = E76570331D82BFDF00304D3E /* ColorCell.swift */; };
		E76570361D82BFF200304D3E /* ColorCell.xib in Resources */ = {isa = PBXBuildFile; fileRef = E76570351D82BFF200304D3E /* ColorCell.xib */; };
		E76570381D82D28400304D3E /* DatePickerViewController.swift in Sources */ = {isa = PBXBuildFile; fileRef = E76570371D82D28400304D3E /* DatePickerViewController.swift */; };
		E765703A1D82E6ED00304D3E /* UIViewController + SegueHandlerType.swift in Sources */ = {isa = PBXBuildFile; fileRef = E76570391D82E6ED00304D3E /* UIViewController + SegueHandlerType.swift */; };
		E765703F1D8405A600304D3E /* TextFieldCell.xib in Resources */ = {isa = PBXBuildFile; fileRef = E765703D1D8405A600304D3E /* TextFieldCell.xib */; };
		E76570401D8405A600304D3E /* TextViewCell.xib in Resources */ = {isa = PBXBuildFile; fileRef = E765703E1D8405A600304D3E /* TextViewCell.xib */; };
		E76570421D8481DC00304D3E /* ModifyRecordsOperation.swift in Sources */ = {isa = PBXBuildFile; fileRef = E76570411D8481DC00304D3E /* ModifyRecordsOperation.swift */; };
		E76570441D84844400304D3E /* ModifyEventOperation.swift in Sources */ = {isa = PBXBuildFile; fileRef = E76570431D84844400304D3E /* ModifyEventOperation.swift */; };
		E780F2561D8556FC0084E86B /* LocationPickerViewController.swift in Sources */ = {isa = PBXBuildFile; fileRef = E780F2551D8556FC0084E86B /* LocationPickerViewController.swift */; };
		E780F2581D8599850084E86B /* Location.swift in Sources */ = {isa = PBXBuildFile; fileRef = E780F2571D8599850084E86B /* Location.swift */; };
		E780F25A1D8599CE0084E86B /* Location+MapKit.swift in Sources */ = {isa = PBXBuildFile; fileRef = E780F2591D8599CE0084E86B /* Location+MapKit.swift */; };
		E796409B1D86AF9600C9F9DC /* KeyboardManager.swift in Sources */ = {isa = PBXBuildFile; fileRef = E796409A1D86AF9600C9F9DC /* KeyboardManager.swift */; };
		E79640A11D86D88C00C9F9DC /* LocationCell.swift in Sources */ = {isa = PBXBuildFile; fileRef = E79640A01D86D88C00C9F9DC /* LocationCell.swift */; };
		E79640A31D86D8AF00C9F9DC /* LocationCell.xib in Resources */ = {isa = PBXBuildFile; fileRef = E79640A21D86D8AF00C9F9DC /* LocationCell.xib */; };
		E79640AB1D870B3C00C9F9DC /* String+Capitalization.swift in Sources */ = {isa = PBXBuildFile; fileRef = E79640AA1D870B3C00C9F9DC /* String+Capitalization.swift */; };
		E797F2EF1D7C2D4100CB5EE2 /* PersistencyRepository.swift in Sources */ = {isa = PBXBuildFile; fileRef = E797F2ED1D7C2D4100CB5EE2 /* PersistencyRepository.swift */; };
		E797F2F01D7C2D4100CB5EE2 /* PersistencyRepositoryImplementation.swift in Sources */ = {isa = PBXBuildFile; fileRef = E797F2EE1D7C2D4100CB5EE2 /* PersistencyRepositoryImplementation.swift */; };
		E797F2F31D7C2D8100CB5EE2 /* PersistEventsOperation.swift in Sources */ = {isa = PBXBuildFile; fileRef = E797F2F21D7C2D8100CB5EE2 /* PersistEventsOperation.swift */; };
		E797F2F81D7C3D3E00CB5EE2 /* EntityChange.swift in Sources */ = {isa = PBXBuildFile; fileRef = E797F2F71D7C3D3E00CB5EE2 /* EntityChange.swift */; };
		E79B6BB51D7AFE4A0048E0DF /* EventRepositoryImplementation.swift in Sources */ = {isa = PBXBuildFile; fileRef = E79B6BB41D7AFE4A0048E0DF /* EventRepositoryImplementation.swift */; };
		E79B6BB71D7AFE570048E0DF /* QueryEventsOperation.swift in Sources */ = {isa = PBXBuildFile; fileRef = E79B6BB61D7AFE570048E0DF /* QueryEventsOperation.swift */; };
		E79B6BC41D7AFE780048E0DF /* CKQuery+Record.swift in Sources */ = {isa = PBXBuildFile; fileRef = E79B6BB81D7AFE780048E0DF /* CKQuery+Record.swift */; };
		E79B6BC51D7AFE780048E0DF /* Entity.swift in Sources */ = {isa = PBXBuildFile; fileRef = E79B6BB91D7AFE780048E0DF /* Entity.swift */; };
		E79B6BC61D7AFE780048E0DF /* Error.swift in Sources */ = {isa = PBXBuildFile; fileRef = E79B6BBA1D7AFE780048E0DF /* Error.swift */; };
		E79B6BC71D7AFE780048E0DF /* Event.swift in Sources */ = {isa = PBXBuildFile; fileRef = E79B6BBB1D7AFE780048E0DF /* Event.swift */; };
		E79B6BC81D7AFE780048E0DF /* EventPresenter.swift in Sources */ = {isa = PBXBuildFile; fileRef = E79B6BBC1D7AFE780048E0DF /* EventPresenter.swift */; };
		E79B6BC91D7AFE780048E0DF /* EventPresenterImplementation.swift in Sources */ = {isa = PBXBuildFile; fileRef = E79B6BBD1D7AFE780048E0DF /* EventPresenterImplementation.swift */; };
		E79B6BCA1D7AFE780048E0DF /* EventViewController.swift in Sources */ = {isa = PBXBuildFile; fileRef = E79B6BBE1D7AFE780048E0DF /* EventViewController.swift */; };
		E79B6BCB1D7AFE780048E0DF /* Int+Bool.swift in Sources */ = {isa = PBXBuildFile; fileRef = E79B6BBF1D7AFE780048E0DF /* Int+Bool.swift */; };
		E79B6BCC1D7AFE780048E0DF /* Operation+Completion.swift in Sources */ = {isa = PBXBuildFile; fileRef = E79B6BC01D7AFE780048E0DF /* Operation+Completion.swift */; };
		E79B6BCD1D7AFE780048E0DF /* PresenterFactory.swift in Sources */ = {isa = PBXBuildFile; fileRef = E79B6BC11D7AFE780048E0DF /* PresenterFactory.swift */; };
		E79B6BCE1D7AFE780048E0DF /* Record.swift in Sources */ = {isa = PBXBuildFile; fileRef = E79B6BC21D7AFE780048E0DF /* Record.swift */; };
		E79B6BCF1D7AFE780048E0DF /* Result.swift in Sources */ = {isa = PBXBuildFile; fileRef = E79B6BC31D7AFE780048E0DF /* Result.swift */; };
		E7BC15F61D7ED67E00B02897 /* RecordMapper.swift in Sources */ = {isa = PBXBuildFile; fileRef = E7BC15F51D7ED67E00B02897 /* RecordMapper.swift */; };
		E7BC15F81D7ED68A00B02897 /* PresenterState.swift in Sources */ = {isa = PBXBuildFile; fileRef = E7BC15F71D7ED68A00B02897 /* PresenterState.swift */; };
		E7BC15FA1D7ED69900B02897 /* NSFetchRequest+CoreDataModelable.swift in Sources */ = {isa = PBXBuildFile; fileRef = E7BC15F91D7ED69900B02897 /* NSFetchRequest+CoreDataModelable.swift */; };
		E7BC15FC1D7EDD2E00B02897 /* PersistentRecord.swift in Sources */ = {isa = PBXBuildFile; fileRef = E7BC15FB1D7EDD2E00B02897 /* PersistentRecord.swift */; };
		E7BC15FE1D7EDD3900B02897 /* PersistentEvent.swift in Sources */ = {isa = PBXBuildFile; fileRef = E7BC15FD1D7EDD3900B02897 /* PersistentEvent.swift */; };
		E7BC16001D7EF78600B02897 /* ReturnCoreDataStackOperation.swift in Sources */ = {isa = PBXBuildFile; fileRef = E7BC15FF1D7EF78600B02897 /* ReturnCoreDataStackOperation.swift */; };
		E7BC16021D7F02D900B02897 /* EntitySectionChange.swift in Sources */ = {isa = PBXBuildFile; fileRef = E7BC16011D7F02D900B02897 /* EntitySectionChange.swift */; };
		E7BC16061D7F434A00B02897 /* CircleView.swift in Sources */ = {isa = PBXBuildFile; fileRef = E7BC16051D7F434A00B02897 /* CircleView.swift */; };
		E7BC160A1D7F5C8900B02897 /* EventTableViewCell.swift in Sources */ = {isa = PBXBuildFile; fileRef = E7BC16091D7F5C8900B02897 /* EventTableViewCell.swift */; };
		E7C3D23F1D800970007F5146 /* UIColor.swift in Sources */ = {isa = PBXBuildFile; fileRef = E7C3D23E1D800970007F5146 /* UIColor.swift */; };
		E7C3D2411D800DB2007F5146 /* String+Localization.swift in Sources */ = {isa = PBXBuildFile; fileRef = E7C3D2401D800DB2007F5146 /* String+Localization.swift */; };
		E7C3D2431D80120E007F5146 /* UITableViewCell + ReusableCell.swift in Sources */ = {isa = PBXBuildFile; fileRef = E7C3D2421D80120E007F5146 /* UITableViewCell + ReusableCell.swift */; };
		E7C3D2451D802022007F5146 /* NavigationControllerWithWhiteStatusBar.swift in Sources */ = {isa = PBXBuildFile; fileRef = E7C3D2441D802022007F5146 /* NavigationControllerWithWhiteStatusBar.swift */; };
		E7C3D2471D803174007F5146 /* SequenceType + Record.swift in Sources */ = {isa = PBXBuildFile; fileRef = E7C3D2461D803174007F5146 /* SequenceType + Record.swift */; };
		E7C3D2491D803FBF007F5146 /* DeleteEventsOperation.swift in Sources */ = {isa = PBXBuildFile; fileRef = E7C3D2481D803FBF007F5146 /* DeleteEventsOperation.swift */; };
		E7C3D24C1D8041FE007F5146 /* ApplicationPresenter.swift in Sources */ = {isa = PBXBuildFile; fileRef = E7C3D24B1D8041FE007F5146 /* ApplicationPresenter.swift */; };
		E7C3D24E1D804244007F5146 /* ApplicationPresenterImplementation.swift in Sources */ = {isa = PBXBuildFile; fileRef = E7C3D24D1D804244007F5146 /* ApplicationPresenterImplementation.swift */; };
		E7C3D2501D816B3A007F5146 /* ModifySubscriptionsOperation.swift in Sources */ = {isa = PBXBuildFile; fileRef = E7C3D24F1D816B3A007F5146 /* ModifySubscriptionsOperation.swift */; };
		E7C3D2541D816E6B007F5146 /* SubscriptionsRepository.swift in Sources */ = {isa = PBXBuildFile; fileRef = E7C3D2531D816E6B007F5146 /* SubscriptionsRepository.swift */; };
		E7C3D2561D817869007F5146 /* EnsureSubscriptionOperation.swift in Sources */ = {isa = PBXBuildFile; fileRef = E7C3D2551D817869007F5146 /* EnsureSubscriptionOperation.swift */; };
		E7C3D2581D817CFD007F5146 /* NSUserDefault + Subscription.swift in Sources */ = {isa = PBXBuildFile; fileRef = E7C3D2571D817CFD007F5146 /* NSUserDefault + Subscription.swift */; };
		E7C3D25A1D818405007F5146 /* Error+CloudKit.swift in Sources */ = {isa = PBXBuildFile; fileRef = E7C3D2591D818405007F5146 /* Error+CloudKit.swift */; };
		E7C3D25C1D8186A6007F5146 /* SubscriptionRepositoryImplementation.swift in Sources */ = {isa = PBXBuildFile; fileRef = E7C3D25B1D8186A6007F5146 /* SubscriptionRepositoryImplementation.swift */; };
		E7C3D25E1D818AF8007F5146 /* NSPredicate.swift in Sources */ = {isa = PBXBuildFile; fileRef = E7C3D25D1D818AF8007F5146 /* NSPredicate.swift */; };
		E7E5FA371D79EFAE00B6FF1D /* CloudOperation.swift in Sources */ = {isa = PBXBuildFile; fileRef = E7E5FA361D79EFAE00B6FF1D /* CloudOperation.swift */; };
		E7E5FA391D79F01900B6FF1D /* QueryOperation.swift in Sources */ = {isa = PBXBuildFile; fileRef = E7E5FA381D79F01900B6FF1D /* QueryOperation.swift */; };
		E7E5FA3B1D79F08000B6FF1D /* EventRepository.swift in Sources */ = {isa = PBXBuildFile; fileRef = E7E5FA3A1D79F08000B6FF1D /* EventRepository.swift */; };
		E7FB89301D7B1C6900FEFD1B /* CloudKit.framework in Frameworks */ = {isa = PBXBuildFile; fileRef = E7FB892F1D7B1C6900FEFD1B /* CloudKit.framework */; };
		E7FB89361D7B211700FEFD1B /* Model.xcdatamodeld in Sources */ = {isa = PBXBuildFile; fileRef = E7FB89341D7B211700FEFD1B /* Model.xcdatamodeld */; };
		E7FB89401D7B3DDE00FEFD1B /* LoadCoreDataStackOperation.swift in Sources */ = {isa = PBXBuildFile; fileRef = E7FB893F1D7B3DDE00FEFD1B /* LoadCoreDataStackOperation.swift */; };
		E7FB89421D7B402100FEFD1B /* ContextOperation.swift in Sources */ = {isa = PBXBuildFile; fileRef = E7FB89411D7B402100FEFD1B /* ContextOperation.swift */; };
/* End PBXBuildFile section */

/* Begin PBXFileReference section */
		60B54B651F52DAD56A33565E /* Pods-ESTPEvents.debug.xcconfig */ = {isa = PBXFileReference; includeInIndex = 1; lastKnownFileType = text.xcconfig; name = "Pods-ESTPEvents.debug.xcconfig"; path = "Pods/Target Support Files/Pods-ESTPEvents/Pods-ESTPEvents.debug.xcconfig"; sourceTree = "<group>"; };
		60B69657FD73DAE5B9293AD0 /* Pods-ESTPEvents.release.xcconfig */ = {isa = PBXFileReference; includeInIndex = 1; lastKnownFileType = text.xcconfig; name = "Pods-ESTPEvents.release.xcconfig"; path = "Pods/Target Support Files/Pods-ESTPEvents/Pods-ESTPEvents.release.xcconfig"; sourceTree = "<group>"; };
		B732DA91610C0FDAF3B949AB /* Pods_ESTPEvents.framework */ = {isa = PBXFileReference; explicitFileType = wrapper.framework; includeInIndex = 0; path = Pods_ESTPEvents.framework; sourceTree = BUILT_PRODUCTS_DIR; };
		E734F8061D79CD33001E013C /* ESTPEvents.app */ = {isa = PBXFileReference; explicitFileType = wrapper.application; includeInIndex = 0; path = ESTPEvents.app; sourceTree = BUILT_PRODUCTS_DIR; };
		E734F8231D79CE95001E013C /* AppDelegate.swift */ = {isa = PBXFileReference; fileEncoding = 4; lastKnownFileType = sourcecode.swift; name = AppDelegate.swift; path = Classes/AppDelegate.swift; sourceTree = "<group>"; };
		E734F8251D79CEA1001E013C /* SharedViewController.swift */ = {isa = PBXFileReference; fileEncoding = 4; lastKnownFileType = sourcecode.swift; name = SharedViewController.swift; path = Classes/SharedViewController.swift; sourceTree = "<group>"; };
		E734F8271D79CEAF001E013C /* Info.plist */ = {isa = PBXFileReference; fileEncoding = 4; lastKnownFileType = text.plist.xml; name = Info.plist; path = Configuration/Info.plist; sourceTree = "<group>"; };
		E734F8291D79CED1001E013C /* Assets.xcassets */ = {isa = PBXFileReference; lastKnownFileType = folder.assetcatalog; name = Assets.xcassets; path = Resources/Assets.xcassets; sourceTree = "<group>"; };
		E734F82D1D79CF08001E013C /* LaunchScreen.storyboard */ = {isa = PBXFileReference; fileEncoding = 4; lastKnownFileType = file.storyboard; name = LaunchScreen.storyboard; path = Resources/LaunchScreen.storyboard; sourceTree = "<group>"; };
		E734F82E1D79CF08001E013C /* Main.storyboard */ = {isa = PBXFileReference; fileEncoding = 4; lastKnownFileType = file.storyboard; name = Main.storyboard; path = Resources/Main.storyboard; sourceTree = "<group>"; };
		E756ABFF1D81A0A90077375D /* FetchRecordsOperation.swift */ = {isa = PBXFileReference; fileEncoding = 4; lastKnownFileType = sourcecode.swift; name = FetchRecordsOperation.swift; path = Classes/FetchRecordsOperation.swift; sourceTree = "<group>"; };
		E756AC031D81AFE40077375D /* FetchRecordOperation.swift */ = {isa = PBXFileReference; fileEncoding = 4; lastKnownFileType = sourcecode.swift; name = FetchRecordOperation.swift; path = Classes/FetchRecordOperation.swift; sourceTree = "<group>"; };
		E756AC051D81E49A0077375D /* ModifyEventViewController.swift */ = {isa = PBXFileReference; fileEncoding = 4; lastKnownFileType = sourcecode.swift; name = ModifyEventViewController.swift; path = Classes/ModifyEventViewController.swift; sourceTree = "<group>"; };
		E756AC081D81E6730077375D /* ModifyEventRow.swift */ = {isa = PBXFileReference; fileEncoding = 4; lastKnownFileType = sourcecode.swift; name = ModifyEventRow.swift; path = Classes/ModifyEventRow.swift; sourceTree = "<group>"; };
		E756AC0A1D81E8DB0077375D /* RawRepresentable.swift */ = {isa = PBXFileReference; fileEncoding = 4; lastKnownFileType = sourcecode.swift; name = RawRepresentable.swift; path = Classes/RawRepresentable.swift; sourceTree = "<group>"; };
		E756AC0C1D81E9DB0077375D /* TextViewCell.swift */ = {isa = PBXFileReference; fileEncoding = 4; lastKnownFileType = sourcecode.swift; name = TextViewCell.swift; path = Classes/TextViewCell.swift; sourceTree = "<group>"; };
		E756AC101D81F8DA0077375D /* TextFieldCell.swift */ = {isa = PBXFileReference; fileEncoding = 4; lastKnownFileType = sourcecode.swift; name = TextFieldCell.swift; path = Classes/TextFieldCell.swift; sourceTree = "<group>"; };
		E756AC141D81FA8A0077375D /* BooleanCell.swift */ = {isa = PBXFileReference; fileEncoding = 4; lastKnownFileType = sourcecode.swift; name = BooleanCell.swift; path = Classes/BooleanCell.swift; sourceTree = "<group>"; };
		E756AC161D81FAC90077375D /* BooleanCell.xib */ = {isa = PBXFileReference; fileEncoding = 4; lastKnownFileType = file.xib; name = BooleanCell.xib; path = Resources/BooleanCell.xib; sourceTree = "<group>"; };
		E765702F1D82A00400304D3E /* TextCell.swift */ = {isa = PBXFileReference; fileEncoding = 4; lastKnownFileType = sourcecode.swift; name = TextCell.swift; path = Classes/TextCell.swift; sourceTree = "<group>"; };
		E76570311D82A01D00304D3E /* TextCell.xib */ = {isa = PBXFileReference; fileEncoding = 4; lastKnownFileType = file.xib; name = TextCell.xib; path = Resources/TextCell.xib; sourceTree = "<group>"; };
		E76570331D82BFDF00304D3E /* ColorCell.swift */ = {isa = PBXFileReference; fileEncoding = 4; lastKnownFileType = sourcecode.swift; name = ColorCell.swift; path = Classes/ColorCell.swift; sourceTree = "<group>"; };
		E76570351D82BFF200304D3E /* ColorCell.xib */ = {isa = PBXFileReference; fileEncoding = 4; lastKnownFileType = file.xib; name = ColorCell.xib; path = Resources/ColorCell.xib; sourceTree = "<group>"; };
		E76570371D82D28400304D3E /* DatePickerViewController.swift */ = {isa = PBXFileReference; fileEncoding = 4; lastKnownFileType = sourcecode.swift; name = DatePickerViewController.swift; path = Classes/DatePickerViewController.swift; sourceTree = "<group>"; };
		E76570391D82E6ED00304D3E /* UIViewController + SegueHandlerType.swift */ = {isa = PBXFileReference; fileEncoding = 4; lastKnownFileType = sourcecode.swift; name = "UIViewController + SegueHandlerType.swift"; path = "Classes/UIViewController + SegueHandlerType.swift"; sourceTree = "<group>"; };
		E765703D1D8405A600304D3E /* TextFieldCell.xib */ = {isa = PBXFileReference; fileEncoding = 4; lastKnownFileType = file.xib; name = TextFieldCell.xib; path = Resources/TextFieldCell.xib; sourceTree = "<group>"; };
		E765703E1D8405A600304D3E /* TextViewCell.xib */ = {isa = PBXFileReference; fileEncoding = 4; lastKnownFileType = file.xib; name = TextViewCell.xib; path = Resources/TextViewCell.xib; sourceTree = "<group>"; };
		E76570411D8481DC00304D3E /* ModifyRecordsOperation.swift */ = {isa = PBXFileReference; fileEncoding = 4; lastKnownFileType = sourcecode.swift; name = ModifyRecordsOperation.swift; path = Classes/ModifyRecordsOperation.swift; sourceTree = "<group>"; };
		E76570431D84844400304D3E /* ModifyEventOperation.swift */ = {isa = PBXFileReference; fileEncoding = 4; lastKnownFileType = sourcecode.swift; name = ModifyEventOperation.swift; path = Classes/ModifyEventOperation.swift; sourceTree = "<group>"; };
		E780F2551D8556FC0084E86B /* LocationPickerViewController.swift */ = {isa = PBXFileReference; fileEncoding = 4; lastKnownFileType = sourcecode.swift; name = LocationPickerViewController.swift; path = Classes/LocationPickerViewController.swift; sourceTree = "<group>"; };
		E780F2571D8599850084E86B /* Location.swift */ = {isa = PBXFileReference; fileEncoding = 4; lastKnownFileType = sourcecode.swift; name = Location.swift; path = Classes/Location.swift; sourceTree = "<group>"; };
		E780F2591D8599CE0084E86B /* Location+MapKit.swift */ = {isa = PBXFileReference; fileEncoding = 4; lastKnownFileType = sourcecode.swift; name = "Location+MapKit.swift"; path = "Classes/Location+MapKit.swift"; sourceTree = "<group>"; };
		E796409A1D86AF9600C9F9DC /* KeyboardManager.swift */ = {isa = PBXFileReference; fileEncoding = 4; lastKnownFileType = sourcecode.swift; name = KeyboardManager.swift; path = Classes/KeyboardManager.swift; sourceTree = "<group>"; };
		E79640A01D86D88C00C9F9DC /* LocationCell.swift */ = {isa = PBXFileReference; fileEncoding = 4; lastKnownFileType = sourcecode.swift; name = LocationCell.swift; path = Classes/LocationCell.swift; sourceTree = "<group>"; };
		E79640A21D86D8AF00C9F9DC /* LocationCell.xib */ = {isa = PBXFileReference; fileEncoding = 4; lastKnownFileType = file.xib; name = LocationCell.xib; path = Resources/LocationCell.xib; sourceTree = "<group>"; };
		E79640AA1D870B3C00C9F9DC /* String+Capitalization.swift */ = {isa = PBXFileReference; fileEncoding = 4; lastKnownFileType = sourcecode.swift; name = "String+Capitalization.swift"; path = "Classes/String+Capitalization.swift"; sourceTree = "<group>"; };
		E797F2ED1D7C2D4100CB5EE2 /* PersistencyRepository.swift */ = {isa = PBXFileReference; fileEncoding = 4; lastKnownFileType = sourcecode.swift; name = PersistencyRepository.swift; path = Classes/PersistencyRepository.swift; sourceTree = "<group>"; };
		E797F2EE1D7C2D4100CB5EE2 /* PersistencyRepositoryImplementation.swift */ = {isa = PBXFileReference; fileEncoding = 4; lastKnownFileType = sourcecode.swift; name = PersistencyRepositoryImplementation.swift; path = Classes/PersistencyRepositoryImplementation.swift; sourceTree = "<group>"; };
		E797F2F21D7C2D8100CB5EE2 /* PersistEventsOperation.swift */ = {isa = PBXFileReference; fileEncoding = 4; lastKnownFileType = sourcecode.swift; name = PersistEventsOperation.swift; path = Classes/PersistEventsOperation.swift; sourceTree = "<group>"; };
		E797F2F71D7C3D3E00CB5EE2 /* EntityChange.swift */ = {isa = PBXFileReference; fileEncoding = 4; lastKnownFileType = sourcecode.swift; name = EntityChange.swift; path = Classes/EntityChange.swift; sourceTree = "<group>"; };
		E79B6BB41D7AFE4A0048E0DF /* EventRepositoryImplementation.swift */ = {isa = PBXFileReference; fileEncoding = 4; lastKnownFileType = sourcecode.swift; name = EventRepositoryImplementation.swift; path = Classes/EventRepositoryImplementation.swift; sourceTree = "<group>"; };
		E79B6BB61D7AFE570048E0DF /* QueryEventsOperation.swift */ = {isa = PBXFileReference; fileEncoding = 4; lastKnownFileType = sourcecode.swift; name = QueryEventsOperation.swift; path = Classes/QueryEventsOperation.swift; sourceTree = "<group>"; };
		E79B6BB81D7AFE780048E0DF /* CKQuery+Record.swift */ = {isa = PBXFileReference; fileEncoding = 4; lastKnownFileType = sourcecode.swift; name = "CKQuery+Record.swift"; path = "Classes/CKQuery+Record.swift"; sourceTree = "<group>"; };
		E79B6BB91D7AFE780048E0DF /* Entity.swift */ = {isa = PBXFileReference; fileEncoding = 4; lastKnownFileType = sourcecode.swift; name = Entity.swift; path = Classes/Entity.swift; sourceTree = "<group>"; };
		E79B6BBA1D7AFE780048E0DF /* Error.swift */ = {isa = PBXFileReference; fileEncoding = 4; lastKnownFileType = sourcecode.swift; name = Error.swift; path = Classes/Error.swift; sourceTree = "<group>"; };
		E79B6BBB1D7AFE780048E0DF /* Event.swift */ = {isa = PBXFileReference; fileEncoding = 4; lastKnownFileType = sourcecode.swift; name = Event.swift; path = Classes/Event.swift; sourceTree = "<group>"; };
		E79B6BBC1D7AFE780048E0DF /* EventPresenter.swift */ = {isa = PBXFileReference; fileEncoding = 4; lastKnownFileType = sourcecode.swift; name = EventPresenter.swift; path = Classes/EventPresenter.swift; sourceTree = "<group>"; };
		E79B6BBD1D7AFE780048E0DF /* EventPresenterImplementation.swift */ = {isa = PBXFileReference; fileEncoding = 4; lastKnownFileType = sourcecode.swift; name = EventPresenterImplementation.swift; path = Classes/EventPresenterImplementation.swift; sourceTree = "<group>"; };
		E79B6BBE1D7AFE780048E0DF /* EventViewController.swift */ = {isa = PBXFileReference; fileEncoding = 4; lastKnownFileType = sourcecode.swift; name = EventViewController.swift; path = Classes/EventViewController.swift; sourceTree = "<group>"; };
		E79B6BBF1D7AFE780048E0DF /* Int+Bool.swift */ = {isa = PBXFileReference; fileEncoding = 4; lastKnownFileType = sourcecode.swift; name = "Int+Bool.swift"; path = "Classes/Int+Bool.swift"; sourceTree = "<group>"; };
		E79B6BC01D7AFE780048E0DF /* Operation+Completion.swift */ = {isa = PBXFileReference; fileEncoding = 4; lastKnownFileType = sourcecode.swift; name = "Operation+Completion.swift"; path = "Classes/Operation+Completion.swift"; sourceTree = "<group>"; };
		E79B6BC11D7AFE780048E0DF /* PresenterFactory.swift */ = {isa = PBXFileReference; fileEncoding = 4; lastKnownFileType = sourcecode.swift; name = PresenterFactory.swift; path = Classes/PresenterFactory.swift; sourceTree = "<group>"; };
		E79B6BC21D7AFE780048E0DF /* Record.swift */ = {isa = PBXFileReference; fileEncoding = 4; lastKnownFileType = sourcecode.swift; name = Record.swift; path = Classes/Record.swift; sourceTree = "<group>"; };
		E79B6BC31D7AFE780048E0DF /* Result.swift */ = {isa = PBXFileReference; fileEncoding = 4; lastKnownFileType = sourcecode.swift; name = Result.swift; path = Classes/Result.swift; sourceTree = "<group>"; };
		E7BC15F51D7ED67E00B02897 /* RecordMapper.swift */ = {isa = PBXFileReference; fileEncoding = 4; lastKnownFileType = sourcecode.swift; name = RecordMapper.swift; path = Classes/RecordMapper.swift; sourceTree = "<group>"; };
		E7BC15F71D7ED68A00B02897 /* PresenterState.swift */ = {isa = PBXFileReference; fileEncoding = 4; lastKnownFileType = sourcecode.swift; name = PresenterState.swift; path = Classes/PresenterState.swift; sourceTree = "<group>"; };
		E7BC15F91D7ED69900B02897 /* NSFetchRequest+CoreDataModelable.swift */ = {isa = PBXFileReference; fileEncoding = 4; lastKnownFileType = sourcecode.swift; name = "NSFetchRequest+CoreDataModelable.swift"; path = "Classes/NSFetchRequest+CoreDataModelable.swift"; sourceTree = "<group>"; };
		E7BC15FB1D7EDD2E00B02897 /* PersistentRecord.swift */ = {isa = PBXFileReference; fileEncoding = 4; lastKnownFileType = sourcecode.swift; name = PersistentRecord.swift; path = Classes/PersistentRecord.swift; sourceTree = "<group>"; };
		E7BC15FD1D7EDD3900B02897 /* PersistentEvent.swift */ = {isa = PBXFileReference; fileEncoding = 4; lastKnownFileType = sourcecode.swift; name = PersistentEvent.swift; path = Classes/PersistentEvent.swift; sourceTree = "<group>"; };
		E7BC15FF1D7EF78600B02897 /* ReturnCoreDataStackOperation.swift */ = {isa = PBXFileReference; fileEncoding = 4; lastKnownFileType = sourcecode.swift; name = ReturnCoreDataStackOperation.swift; path = Classes/ReturnCoreDataStackOperation.swift; sourceTree = "<group>"; };
		E7BC16011D7F02D900B02897 /* EntitySectionChange.swift */ = {isa = PBXFileReference; fileEncoding = 4; lastKnownFileType = sourcecode.swift; name = EntitySectionChange.swift; path = Classes/EntitySectionChange.swift; sourceTree = "<group>"; };
		E7BC16051D7F434A00B02897 /* CircleView.swift */ = {isa = PBXFileReference; fileEncoding = 4; lastKnownFileType = sourcecode.swift; name = CircleView.swift; path = Classes/CircleView.swift; sourceTree = "<group>"; };
		E7BC16091D7F5C8900B02897 /* EventTableViewCell.swift */ = {isa = PBXFileReference; fileEncoding = 4; lastKnownFileType = sourcecode.swift; name = EventTableViewCell.swift; path = Classes/EventTableViewCell.swift; sourceTree = "<group>"; };
		E7C3D23E1D800970007F5146 /* UIColor.swift */ = {isa = PBXFileReference; fileEncoding = 4; lastKnownFileType = sourcecode.swift; name = UIColor.swift; path = Classes/UIColor.swift; sourceTree = "<group>"; };
		E7C3D2401D800DB2007F5146 /* String+Localization.swift */ = {isa = PBXFileReference; fileEncoding = 4; lastKnownFileType = sourcecode.swift; name = "String+Localization.swift"; path = "Classes/String+Localization.swift"; sourceTree = "<group>"; };
		E7C3D2421D80120E007F5146 /* UITableViewCell + ReusableCell.swift */ = {isa = PBXFileReference; fileEncoding = 4; lastKnownFileType = sourcecode.swift; name = "UITableViewCell + ReusableCell.swift"; path = "Classes/UITableViewCell + ReusableCell.swift"; sourceTree = "<group>"; };
		E7C3D2441D802022007F5146 /* NavigationControllerWithWhiteStatusBar.swift */ = {isa = PBXFileReference; fileEncoding = 4; lastKnownFileType = sourcecode.swift; name = NavigationControllerWithWhiteStatusBar.swift; path = Classes/NavigationControllerWithWhiteStatusBar.swift; sourceTree = "<group>"; };
		E7C3D2461D803174007F5146 /* SequenceType + Record.swift */ = {isa = PBXFileReference; fileEncoding = 4; lastKnownFileType = sourcecode.swift; name = "SequenceType + Record.swift"; path = "Classes/SequenceType + Record.swift"; sourceTree = "<group>"; };
		E7C3D2481D803FBF007F5146 /* DeleteEventsOperation.swift */ = {isa = PBXFileReference; fileEncoding = 4; lastKnownFileType = sourcecode.swift; name = DeleteEventsOperation.swift; path = Classes/DeleteEventsOperation.swift; sourceTree = "<group>"; };
		E7C3D24B1D8041FE007F5146 /* ApplicationPresenter.swift */ = {isa = PBXFileReference; fileEncoding = 4; lastKnownFileType = sourcecode.swift; name = ApplicationPresenter.swift; path = Classes/ApplicationPresenter.swift; sourceTree = "<group>"; };
		E7C3D24D1D804244007F5146 /* ApplicationPresenterImplementation.swift */ = {isa = PBXFileReference; fileEncoding = 4; lastKnownFileType = sourcecode.swift; name = ApplicationPresenterImplementation.swift; path = Classes/ApplicationPresenterImplementation.swift; sourceTree = "<group>"; };
		E7C3D24F1D816B3A007F5146 /* ModifySubscriptionsOperation.swift */ = {isa = PBXFileReference; fileEncoding = 4; lastKnownFileType = sourcecode.swift; name = ModifySubscriptionsOperation.swift; path = Classes/ModifySubscriptionsOperation.swift; sourceTree = "<group>"; };
		E7C3D2531D816E6B007F5146 /* SubscriptionsRepository.swift */ = {isa = PBXFileReference; fileEncoding = 4; lastKnownFileType = sourcecode.swift; name = SubscriptionsRepository.swift; path = Classes/SubscriptionsRepository.swift; sourceTree = "<group>"; };
		E7C3D2551D817869007F5146 /* EnsureSubscriptionOperation.swift */ = {isa = PBXFileReference; fileEncoding = 4; lastKnownFileType = sourcecode.swift; name = EnsureSubscriptionOperation.swift; path = Classes/EnsureSubscriptionOperation.swift; sourceTree = "<group>"; };
		E7C3D2571D817CFD007F5146 /* NSUserDefault + Subscription.swift */ = {isa = PBXFileReference; fileEncoding = 4; lastKnownFileType = sourcecode.swift; name = "NSUserDefault + Subscription.swift"; path = "Classes/NSUserDefault + Subscription.swift"; sourceTree = "<group>"; };
		E7C3D2591D818405007F5146 /* Error+CloudKit.swift */ = {isa = PBXFileReference; fileEncoding = 4; lastKnownFileType = sourcecode.swift; name = "Error+CloudKit.swift"; path = "Classes/Error+CloudKit.swift"; sourceTree = "<group>"; };
		E7C3D25B1D8186A6007F5146 /* SubscriptionRepositoryImplementation.swift */ = {isa = PBXFileReference; fileEncoding = 4; lastKnownFileType = sourcecode.swift; name = SubscriptionRepositoryImplementation.swift; path = Classes/SubscriptionRepositoryImplementation.swift; sourceTree = "<group>"; };
		E7C3D25D1D818AF8007F5146 /* NSPredicate.swift */ = {isa = PBXFileReference; fileEncoding = 4; lastKnownFileType = sourcecode.swift; name = NSPredicate.swift; path = Classes/NSPredicate.swift; sourceTree = "<group>"; };
		E7E5FA361D79EFAE00B6FF1D /* CloudOperation.swift */ = {isa = PBXFileReference; fileEncoding = 4; lastKnownFileType = sourcecode.swift; name = CloudOperation.swift; path = Classes/CloudOperation.swift; sourceTree = "<group>"; };
		E7E5FA381D79F01900B6FF1D /* QueryOperation.swift */ = {isa = PBXFileReference; fileEncoding = 4; lastKnownFileType = sourcecode.swift; name = QueryOperation.swift; path = Classes/QueryOperation.swift; sourceTree = "<group>"; };
		E7E5FA3A1D79F08000B6FF1D /* EventRepository.swift */ = {isa = PBXFileReference; fileEncoding = 4; lastKnownFileType = sourcecode.swift; name = EventRepository.swift; path = Classes/EventRepository.swift; sourceTree = "<group>"; };
		E7EE0E9F1D7AF70F0089B38C /* ESTPEvents.entitlements */ = {isa = PBXFileReference; lastKnownFileType = text.xml; path = ESTPEvents.entitlements; sourceTree = "<group>"; };
		E7FB892F1D7B1C6900FEFD1B /* CloudKit.framework */ = {isa = PBXFileReference; lastKnownFileType = wrapper.framework; name = CloudKit.framework; path = System/Library/Frameworks/CloudKit.framework; sourceTree = SDKROOT; };
		E7FB89351D7B211700FEFD1B /* Model.xcdatamodel */ = {isa = PBXFileReference; lastKnownFileType = wrapper.xcdatamodel; path = Model.xcdatamodel; sourceTree = "<group>"; };
		E7FB893F1D7B3DDE00FEFD1B /* LoadCoreDataStackOperation.swift */ = {isa = PBXFileReference; fileEncoding = 4; lastKnownFileType = sourcecode.swift; name = LoadCoreDataStackOperation.swift; path = Classes/LoadCoreDataStackOperation.swift; sourceTree = "<group>"; };
		E7FB89411D7B402100FEFD1B /* ContextOperation.swift */ = {isa = PBXFileReference; fileEncoding = 4; lastKnownFileType = sourcecode.swift; name = ContextOperation.swift; path = Classes/ContextOperation.swift; sourceTree = "<group>"; };
/* End PBXFileReference section */

/* Begin PBXFrameworksBuildPhase section */
		E734F8031D79CD33001E013C /* Frameworks */ = {
			isa = PBXFrameworksBuildPhase;
			buildActionMask = 2147483647;
			files = (
				CC0116202BF53C24686BE3C2 /* Pods_ESTPEvents.framework in Frameworks */,
				E7FB89301D7B1C6900FEFD1B /* CloudKit.framework in Frameworks */,
			);
			runOnlyForDeploymentPostprocessing = 0;
		};
/* End PBXFrameworksBuildPhase section */

/* Begin PBXGroup section */
		235FD153E656E4D9C4A00968 /* Frameworks */ = {
			isa = PBXGroup;
			children = (
				E7FB892F1D7B1C6900FEFD1B /* CloudKit.framework */,
				B732DA91610C0FDAF3B949AB /* Pods_ESTPEvents.framework */,
			);
			name = Frameworks;
			sourceTree = "<group>";
		};
		E734F7FD1D79CD33001E013C = {
			isa = PBXGroup;
			children = (
				E734F8081D79CD33001E013C /* ESTPEvents */,
				E734F8071D79CD33001E013C /* Products */,
				E9BDF7BA86B7BDC958BEA6A7 /* Pods */,
				235FD153E656E4D9C4A00968 /* Frameworks */,
			);
			sourceTree = "<group>";
		};
		E734F8071D79CD33001E013C /* Products */ = {
			isa = PBXGroup;
			children = (
				E734F8061D79CD33001E013C /* ESTPEvents.app */,
			);
			name = Products;
			sourceTree = "<group>";
		};
		E734F8081D79CD33001E013C /* ESTPEvents */ = {
			isa = PBXGroup;
			children = (
				E7EE0E9F1D7AF70F0089B38C /* ESTPEvents.entitlements */,
				E734F8231D79CE95001E013C /* AppDelegate.swift */,
				E734F81E1D79CDE6001E013C /* Repository */,
				E734F81C1D79CDD7001E013C /* Presenter */,
				E734F81B1D79CDD1001E013C /* Controller */,
				E734F81F1D79CDFA001E013C /* Model */,
				E734F81D1D79CDDE001E013C /* Operations */,
				E7BC16031D7F431500B02897 /* View */,
				E734F8311D79CFCA001E013C /* Extensions */,
				E734F8201D79CE03001E013C /* Resources */,
				E734F8211D79CE08001E013C /* Configuration */,
			);
			path = ESTPEvents;
			sourceTree = "<group>";
		};
		E734F81B1D79CDD1001E013C /* Controller */ = {
			isa = PBXGroup;
			children = (
				E780F2551D8556FC0084E86B /* LocationPickerViewController.swift */,
				E734F8251D79CEA1001E013C /* SharedViewController.swift */,
				E7C3D2441D802022007F5146 /* NavigationControllerWithWhiteStatusBar.swift */,
				E76570371D82D28400304D3E /* DatePickerViewController.swift */,
				E796409A1D86AF9600C9F9DC /* KeyboardManager.swift */,
				E7EE0E991D7AC2740089B38C /* Event */,
				E765703B1D84007A00304D3E /* Modify Event */,
			);
			name = Controller;
			sourceTree = "<group>";
		};
		E734F81C1D79CDD7001E013C /* Presenter */ = {
			isa = PBXGroup;
			children = (
				E7EE0E9E1D7AF6B50089B38C /* Shared */,
				E7E5FA4A1D79FDAD00B6FF1D /* Event */,
				E7C3D24A1D8041DB007F5146 /* Application */,
			);
			name = Presenter;
			sourceTree = "<group>";
		};
		E734F81D1D79CDDE001E013C /* Operations */ = {
			isa = PBXGroup;
			children = (
				E7FB893E1D7B3DC600FEFD1B /* CoreData */,
			);
			name = Operations;
			sourceTree = "<group>";
		};
		E734F81E1D79CDE6001E013C /* Repository */ = {
			isa = PBXGroup;
			children = (
				E7E5FA2D1D79ED4100B6FF1D /* Shared */,
				E7C3D2511D816E3C007F5146 /* Subscriptions */,
				E797F2EC1D7C2D3000CB5EE2 /* Persistency */,
				E7E5FA321D79EE0100B6FF1D /* Event */,
			);
			name = Repository;
			sourceTree = "<group>";
		};
		E734F81F1D79CDFA001E013C /* Model */ = {
			isa = PBXGroup;
			children = (
				E79B6BBA1D7AFE780048E0DF /* Error.swift */,
				E79B6BC31D7AFE780048E0DF /* Result.swift */,
				E780F2571D8599850084E86B /* Location.swift */,
				E7FB89311D7B1F6600FEFD1B /* Persistency */,
				E7E5FA3C1D79F0AE00B6FF1D /* Entity */,
			);
			name = Model;
			sourceTree = "<group>";
		};
		E734F8201D79CE03001E013C /* Resources */ = {
			isa = PBXGroup;
			children = (
				E765703D1D8405A600304D3E /* TextFieldCell.xib */,
				E765703E1D8405A600304D3E /* TextViewCell.xib */,
				E734F8291D79CED1001E013C /* Assets.xcassets */,
				E734F82D1D79CF08001E013C /* LaunchScreen.storyboard */,
				E734F82E1D79CF08001E013C /* Main.storyboard */,
				E756AC161D81FAC90077375D /* BooleanCell.xib */,
				E76570311D82A01D00304D3E /* TextCell.xib */,
				E76570351D82BFF200304D3E /* ColorCell.xib */,
				E79640A21D86D8AF00C9F9DC /* LocationCell.xib */,
			);
			name = Resources;
			sourceTree = "<group>";
		};
		E734F8211D79CE08001E013C /* Configuration */ = {
			isa = PBXGroup;
			children = (
				E734F8271D79CEAF001E013C /* Info.plist */,
			);
			name = Configuration;
			sourceTree = "<group>";
		};
		E734F8311D79CFCA001E013C /* Extensions */ = {
			isa = PBXGroup;
			children = (
				E76570391D82E6ED00304D3E /* UIViewController + SegueHandlerType.swift */,
				E7BC15F91D7ED69900B02897 /* NSFetchRequest+CoreDataModelable.swift */,
				E79B6BB81D7AFE780048E0DF /* CKQuery+Record.swift */,
				E79B6BBF1D7AFE780048E0DF /* Int+Bool.swift */,
				E79B6BC01D7AFE780048E0DF /* Operation+Completion.swift */,
				E7C3D23E1D800970007F5146 /* UIColor.swift */,
				E7C3D2401D800DB2007F5146 /* String+Localization.swift */,
				E7C3D2421D80120E007F5146 /* UITableViewCell + ReusableCell.swift */,
				E7C3D2461D803174007F5146 /* SequenceType + Record.swift */,
				E7C3D2571D817CFD007F5146 /* NSUserDefault + Subscription.swift */,
				E7C3D2591D818405007F5146 /* Error+CloudKit.swift */,
				E7C3D25D1D818AF8007F5146 /* NSPredicate.swift */,
				E756AC0A1D81E8DB0077375D /* RawRepresentable.swift */,
				E780F2591D8599CE0084E86B /* Location+MapKit.swift */,
				E79640AA1D870B3C00C9F9DC /* String+Capitalization.swift */,
			);
			name = Extensions;
			sourceTree = "<group>";
		};
		E756AC071D81E5F90077375D /* Shared */ = {
			isa = PBXGroup;
			children = (
				E756AC0C1D81E9DB0077375D /* TextViewCell.swift */,
				E756AC101D81F8DA0077375D /* TextFieldCell.swift */,
				E756AC141D81FA8A0077375D /* BooleanCell.swift */,
				E765702F1D82A00400304D3E /* TextCell.swift */,
			);
			name = Shared;
			sourceTree = "<group>";
		};
		E765703B1D84007A00304D3E /* Modify Event */ = {
			isa = PBXGroup;
			children = (
				E756AC051D81E49A0077375D /* ModifyEventViewController.swift */,
				E756AC081D81E6730077375D /* ModifyEventRow.swift */,
			);
			name = "Modify Event";
			sourceTree = "<group>";
		};
		E765703C1D84012600304D3E /* Modify Event */ = {
			isa = PBXGroup;
			children = (
				E76570331D82BFDF00304D3E /* ColorCell.swift */,
			);
			name = "Modify Event";
			sourceTree = "<group>";
		};
		E796409F1D86D87800C9F9DC /* Event Detail */ = {
			isa = PBXGroup;
			children = (
				E79640A01D86D88C00C9F9DC /* LocationCell.swift */,
			);
			name = "Event Detail";
			sourceTree = "<group>";
		};
		E797F2EC1D7C2D3000CB5EE2 /* Persistency */ = {
			isa = PBXGroup;
			children = (
				E797F2F41D7C2EBE00CB5EE2 /* Mapper */,
				E797F2F11D7C2D6D00CB5EE2 /* Operations */,
				E797F2ED1D7C2D4100CB5EE2 /* PersistencyRepository.swift */,
				E797F2EE1D7C2D4100CB5EE2 /* PersistencyRepositoryImplementation.swift */,
			);
			name = Persistency;
			sourceTree = "<group>";
		};
		E797F2F11D7C2D6D00CB5EE2 /* Operations */ = {
			isa = PBXGroup;
			children = (
				E797F2F21D7C2D8100CB5EE2 /* PersistEventsOperation.swift */,
				E7C3D2481D803FBF007F5146 /* DeleteEventsOperation.swift */,
			);
			name = Operations;
			sourceTree = "<group>";
		};
		E797F2F41D7C2EBE00CB5EE2 /* Mapper */ = {
			isa = PBXGroup;
			children = (
				E7BC15F51D7ED67E00B02897 /* RecordMapper.swift */,
			);
			name = Mapper;
			sourceTree = "<group>";
		};
		E7BC16031D7F431500B02897 /* View */ = {
			isa = PBXGroup;
			children = (
				E756AC071D81E5F90077375D /* Shared */,
				E7BC16041D7F433500B02897 /* Event */,
				E765703C1D84012600304D3E /* Modify Event */,
				E796409F1D86D87800C9F9DC /* Event Detail */,
			);
			name = View;
			sourceTree = "<group>";
		};
		E7BC16041D7F433500B02897 /* Event */ = {
			isa = PBXGroup;
			children = (
				E7BC16091D7F5C8900B02897 /* EventTableViewCell.swift */,
				E7BC16051D7F434A00B02897 /* CircleView.swift */,
			);
			name = Event;
			sourceTree = "<group>";
		};
		E7C3D24A1D8041DB007F5146 /* Application */ = {
			isa = PBXGroup;
			children = (
				E7C3D24B1D8041FE007F5146 /* ApplicationPresenter.swift */,
				E7C3D24D1D804244007F5146 /* ApplicationPresenterImplementation.swift */,
			);
			name = Application;
			sourceTree = "<group>";
		};
		E7C3D2511D816E3C007F5146 /* Subscriptions */ = {
			isa = PBXGroup;
			children = (
				E7C3D2521D816E49007F5146 /* Operations */,
				E7C3D2531D816E6B007F5146 /* SubscriptionsRepository.swift */,
				E7C3D25B1D8186A6007F5146 /* SubscriptionRepositoryImplementation.swift */,
			);
			name = Subscriptions;
			sourceTree = "<group>";
		};
		E7C3D2521D816E49007F5146 /* Operations */ = {
			isa = PBXGroup;
			children = (
				E7C3D24F1D816B3A007F5146 /* ModifySubscriptionsOperation.swift */,
				E7C3D2551D817869007F5146 /* EnsureSubscriptionOperation.swift */,
				E756AC031D81AFE40077375D /* FetchRecordOperation.swift */,
			);
			name = Operations;
			sourceTree = "<group>";
		};
		E7E5FA2D1D79ED4100B6FF1D /* Shared */ = {
			isa = PBXGroup;
			children = (
				E7E5FA361D79EFAE00B6FF1D /* CloudOperation.swift */,
				E7E5FA381D79F01900B6FF1D /* QueryOperation.swift */,
				E756ABFF1D81A0A90077375D /* FetchRecordsOperation.swift */,
				E76570411D8481DC00304D3E /* ModifyRecordsOperation.swift */,
			);
			name = Shared;
			sourceTree = "<group>";
		};
		E7E5FA321D79EE0100B6FF1D /* Event */ = {
			isa = PBXGroup;
			children = (
				E7E5FA451D79FBC000B6FF1D /* Operations */,
				E7E5FA3A1D79F08000B6FF1D /* EventRepository.swift */,
				E79B6BB41D7AFE4A0048E0DF /* EventRepositoryImplementation.swift */,
			);
			name = Event;
			sourceTree = "<group>";
		};
		E7E5FA3C1D79F0AE00B6FF1D /* Entity */ = {
			isa = PBXGroup;
			children = (
				E79B6BB91D7AFE780048E0DF /* Entity.swift */,
				E79B6BC21D7AFE780048E0DF /* Record.swift */,
				E79B6BBB1D7AFE780048E0DF /* Event.swift */,
			);
			name = Entity;
			sourceTree = "<group>";
		};
		E7E5FA451D79FBC000B6FF1D /* Operations */ = {
			isa = PBXGroup;
			children = (
				E79B6BB61D7AFE570048E0DF /* QueryEventsOperation.swift */,
				E76570431D84844400304D3E /* ModifyEventOperation.swift */,
			);
			name = Operations;
			sourceTree = "<group>";
		};
		E7E5FA4A1D79FDAD00B6FF1D /* Event */ = {
			isa = PBXGroup;
			children = (
				E79B6BBC1D7AFE780048E0DF /* EventPresenter.swift */,
				E79B6BBD1D7AFE780048E0DF /* EventPresenterImplementation.swift */,
			);
			name = Event;
			sourceTree = "<group>";
		};
		E7EE0E991D7AC2740089B38C /* Event */ = {
			isa = PBXGroup;
			children = (
				E79B6BBE1D7AFE780048E0DF /* EventViewController.swift */,
			);
			name = Event;
			sourceTree = "<group>";
		};
		E7EE0E9E1D7AF6B50089B38C /* Shared */ = {
			isa = PBXGroup;
			children = (
				E7BC15F71D7ED68A00B02897 /* PresenterState.swift */,
				E79B6BC11D7AFE780048E0DF /* PresenterFactory.swift */,
				E797F2F71D7C3D3E00CB5EE2 /* EntityChange.swift */,
				E7BC16011D7F02D900B02897 /* EntitySectionChange.swift */,
			);
			name = Shared;
			sourceTree = "<group>";
		};
		E7FB89311D7B1F6600FEFD1B /* Persistency */ = {
			isa = PBXGroup;
			children = (
				E7FB89341D7B211700FEFD1B /* Model.xcdatamodeld */,
				E7BC15FD1D7EDD3900B02897 /* PersistentEvent.swift */,
				E7BC15FB1D7EDD2E00B02897 /* PersistentRecord.swift */,
			);
			name = Persistency;
			sourceTree = "<group>";
		};
		E7FB893E1D7B3DC600FEFD1B /* CoreData */ = {
			isa = PBXGroup;
			children = (
				E7FB893F1D7B3DDE00FEFD1B /* LoadCoreDataStackOperation.swift */,
				E7BC15FF1D7EF78600B02897 /* ReturnCoreDataStackOperation.swift */,
				E7FB89411D7B402100FEFD1B /* ContextOperation.swift */,
			);
			name = CoreData;
			sourceTree = "<group>";
		};
		E9BDF7BA86B7BDC958BEA6A7 /* Pods */ = {
			isa = PBXGroup;
			children = (
				60B54B651F52DAD56A33565E /* Pods-ESTPEvents.debug.xcconfig */,
				60B69657FD73DAE5B9293AD0 /* Pods-ESTPEvents.release.xcconfig */,
			);
			name = Pods;
			sourceTree = "<group>";
		};
/* End PBXGroup section */

/* Begin PBXNativeTarget section */
		E734F8051D79CD33001E013C /* ESTPEvents */ = {
			isa = PBXNativeTarget;
			buildConfigurationList = E734F8181D79CD33001E013C /* Build configuration list for PBXNativeTarget "ESTPEvents" */;
			buildPhases = (
				90655C0B98A07FDAF8DD6CD2 /* Check Pods Manifest.lock */,
				E734F8021D79CD33001E013C /* Sources */,
				E734F8031D79CD33001E013C /* Frameworks */,
				E734F8041D79CD33001E013C /* Resources */,
				A10B80DA9FEB7357F11E6E61 /* Embed Pods Frameworks */,
				DD4D793B4A176C8B395DE99E /* Copy Pods Resources */,
			);
			buildRules = (
			);
			dependencies = (
			);
			name = ESTPEvents;
			productName = ESTPEvents;
			productReference = E734F8061D79CD33001E013C /* ESTPEvents.app */;
			productType = "com.apple.product-type.application";
		};
/* End PBXNativeTarget section */

/* Begin PBXProject section */
		E734F7FE1D79CD33001E013C /* Project object */ = {
			isa = PBXProject;
			attributes = {
				LastSwiftUpdateCheck = 0730;
				LastUpgradeCheck = 0730;
				ORGANIZATIONNAME = "Gaétan Zanella";
				TargetAttributes = {
					E734F8051D79CD33001E013C = {
						CreatedOnToolsVersion = 7.3.1;
						DevelopmentTeam = C7G63Q6LZ9;
						SystemCapabilities = {
							com.apple.BackgroundModes = {
								enabled = 1;
							};
							com.apple.Push = {
								enabled = 1;
							};
							com.apple.iCloud = {
								enabled = 1;
							};
						};
					};
				};
			};
			buildConfigurationList = E734F8011D79CD33001E013C /* Build configuration list for PBXProject "ESTPEvents" */;
			compatibilityVersion = "Xcode 3.2";
			developmentRegion = English;
			hasScannedForEncodings = 0;
			knownRegions = (
				en,
				Base,
			);
			mainGroup = E734F7FD1D79CD33001E013C;
			productRefGroup = E734F8071D79CD33001E013C /* Products */;
			projectDirPath = "";
			projectRoot = "";
			targets = (
				E734F8051D79CD33001E013C /* ESTPEvents */,
			);
		};
/* End PBXProject section */

/* Begin PBXResourcesBuildPhase section */
		E734F8041D79CD33001E013C /* Resources */ = {
			isa = PBXResourcesBuildPhase;
			buildActionMask = 2147483647;
			files = (
				E734F82F1D79CF08001E013C /* LaunchScreen.storyboard in Resources */,
				E76570401D8405A600304D3E /* TextViewCell.xib in Resources */,
				E734F82A1D79CED1001E013C /* Assets.xcassets in Resources */,
				E76570321D82A01D00304D3E /* TextCell.xib in Resources */,
				E76570361D82BFF200304D3E /* ColorCell.xib in Resources */,
				E756AC171D81FAC90077375D /* BooleanCell.xib in Resources */,
				E79640A31D86D8AF00C9F9DC /* LocationCell.xib in Resources */,
				E734F8301D79CF08001E013C /* Main.storyboard in Resources */,
				E765703F1D8405A600304D3E /* TextFieldCell.xib in Resources */,
			);
			runOnlyForDeploymentPostprocessing = 0;
		};
/* End PBXResourcesBuildPhase section */

/* Begin PBXShellScriptBuildPhase section */
		90655C0B98A07FDAF8DD6CD2 /* Check Pods Manifest.lock */ = {
			isa = PBXShellScriptBuildPhase;
			buildActionMask = 2147483647;
			files = (
			);
			inputPaths = (
			);
			name = "Check Pods Manifest.lock";
			outputPaths = (
			);
			runOnlyForDeploymentPostprocessing = 0;
			shellPath = /bin/sh;
			shellScript = "diff \"${PODS_ROOT}/../Podfile.lock\" \"${PODS_ROOT}/Manifest.lock\" > /dev/null\nif [[ $? != 0 ]] ; then\n    cat << EOM\nerror: The sandbox is not in sync with the Podfile.lock. Run 'pod install' or update your CocoaPods installation.\nEOM\n    exit 1\nfi\n";
			showEnvVarsInLog = 0;
		};
		A10B80DA9FEB7357F11E6E61 /* Embed Pods Frameworks */ = {
			isa = PBXShellScriptBuildPhase;
			buildActionMask = 2147483647;
			files = (
			);
			inputPaths = (
			);
			name = "Embed Pods Frameworks";
			outputPaths = (
			);
			runOnlyForDeploymentPostprocessing = 0;
			shellPath = /bin/sh;
			shellScript = "\"${SRCROOT}/Pods/Target Support Files/Pods-ESTPEvents/Pods-ESTPEvents-frameworks.sh\"\n";
			showEnvVarsInLog = 0;
		};
		DD4D793B4A176C8B395DE99E /* Copy Pods Resources */ = {
			isa = PBXShellScriptBuildPhase;
			buildActionMask = 2147483647;
			files = (
			);
			inputPaths = (
			);
			name = "Copy Pods Resources";
			outputPaths = (
			);
			runOnlyForDeploymentPostprocessing = 0;
			shellPath = /bin/sh;
			shellScript = "\"${SRCROOT}/Pods/Target Support Files/Pods-ESTPEvents/Pods-ESTPEvents-resources.sh\"\n";
			showEnvVarsInLog = 0;
		};
/* End PBXShellScriptBuildPhase section */

/* Begin PBXSourcesBuildPhase section */
		E734F8021D79CD33001E013C /* Sources */ = {
			isa = PBXSourcesBuildPhase;
			buildActionMask = 2147483647;
			files = (
				E79B6BB71D7AFE570048E0DF /* QueryEventsOperation.swift in Sources */,
				E797F2F31D7C2D8100CB5EE2 /* PersistEventsOperation.swift in Sources */,
				E7BC15F81D7ED68A00B02897 /* PresenterState.swift in Sources */,
				E76570301D82A00400304D3E /* TextCell.swift in Sources */,
				E7BC15FE1D7EDD3900B02897 /* PersistentEvent.swift in Sources */,
				E7C3D2501D816B3A007F5146 /* ModifySubscriptionsOperation.swift in Sources */,
				E7FB89421D7B402100FEFD1B /* ContextOperation.swift in Sources */,
				E79B6BCE1D7AFE780048E0DF /* Record.swift in Sources */,
				E79B6BCF1D7AFE780048E0DF /* Result.swift in Sources */,
				E734F8261D79CEA1001E013C /* SharedViewController.swift in Sources */,
				E780F25A1D8599CE0084E86B /* Location+MapKit.swift in Sources */,
				E7BC16001D7EF78600B02897 /* ReturnCoreDataStackOperation.swift in Sources */,
				E797F2F01D7C2D4100CB5EE2 /* PersistencyRepositoryImplementation.swift in Sources */,
				E756AC061D81E49A0077375D /* ModifyEventViewController.swift in Sources */,
				E7BC15FA1D7ED69900B02897 /* NSFetchRequest+CoreDataModelable.swift in Sources */,
				E756AC0D1D81E9DB0077375D /* TextViewCell.swift in Sources */,
				E7C3D2561D817869007F5146 /* EnsureSubscriptionOperation.swift in Sources */,
				E76570441D84844400304D3E /* ModifyEventOperation.swift in Sources */,
				E7BC16021D7F02D900B02897 /* EntitySectionChange.swift in Sources */,
				E780F2561D8556FC0084E86B /* LocationPickerViewController.swift in Sources */,
				E796409B1D86AF9600C9F9DC /* KeyboardManager.swift in Sources */,
				E79B6BC41D7AFE780048E0DF /* CKQuery+Record.swift in Sources */,
				E756AC041D81AFE40077375D /* FetchRecordOperation.swift in Sources */,
				E756AC151D81FA8A0077375D /* BooleanCell.swift in Sources */,
				E765703A1D82E6ED00304D3E /* UIViewController + SegueHandlerType.swift in Sources */,
				E7C3D2491D803FBF007F5146 /* DeleteEventsOperation.swift in Sources */,
				E79640AB1D870B3C00C9F9DC /* String+Capitalization.swift in Sources */,
				E7C3D25E1D818AF8007F5146 /* NSPredicate.swift in Sources */,
				E76570421D8481DC00304D3E /* ModifyRecordsOperation.swift in Sources */,
				E7C3D23F1D800970007F5146 /* UIColor.swift in Sources */,
				E79B6BB51D7AFE4A0048E0DF /* EventRepositoryImplementation.swift in Sources */,
				E7BC15FC1D7EDD2E00B02897 /* PersistentRecord.swift in Sources */,
				E7C3D25A1D818405007F5146 /* Error+CloudKit.swift in Sources */,
				E7C3D25C1D8186A6007F5146 /* SubscriptionRepositoryImplementation.swift in Sources */,
				E7E5FA371D79EFAE00B6FF1D /* CloudOperation.swift in Sources */,
				E79B6BCD1D7AFE780048E0DF /* PresenterFactory.swift in Sources */,
				E79B6BCA1D7AFE780048E0DF /* EventViewController.swift in Sources */,
				E780F2581D8599850084E86B /* Location.swift in Sources */,
				E7BC160A1D7F5C8900B02897 /* EventTableViewCell.swift in Sources */,
				E7C3D24C1D8041FE007F5146 /* ApplicationPresenter.swift in Sources */,
				E79B6BC71D7AFE780048E0DF /* Event.swift in Sources */,
				E756AC001D81A0A90077375D /* FetchRecordsOperation.swift in Sources */,
				E79B6BC81D7AFE780048E0DF /* EventPresenter.swift in Sources */,
				E797F2EF1D7C2D4100CB5EE2 /* PersistencyRepository.swift in Sources */,
				E7E5FA391D79F01900B6FF1D /* QueryOperation.swift in Sources */,
				E7C3D2581D817CFD007F5146 /* NSUserDefault + Subscription.swift in Sources */,
				E79640A11D86D88C00C9F9DC /* LocationCell.swift in Sources */,
				E79B6BC91D7AFE780048E0DF /* EventPresenterImplementation.swift in Sources */,
				E7C3D2541D816E6B007F5146 /* SubscriptionsRepository.swift in Sources */,
				E756AC0B1D81E8DB0077375D /* RawRepresentable.swift in Sources */,
				E756AC111D81F8DA0077375D /* TextFieldCell.swift in Sources */,
				E79B6BCB1D7AFE780048E0DF /* Int+Bool.swift in Sources */,
				E7C3D24E1D804244007F5146 /* ApplicationPresenterImplementation.swift in Sources */,
				E7E5FA3B1D79F08000B6FF1D /* EventRepository.swift in Sources */,
				E797F2F81D7C3D3E00CB5EE2 /* EntityChange.swift in Sources */,
				E756AC091D81E6730077375D /* ModifyEventRow.swift in Sources */,
				E7FB89401D7B3DDE00FEFD1B /* LoadCoreDataStackOperation.swift in Sources */,
				E7C3D2451D802022007F5146 /* NavigationControllerWithWhiteStatusBar.swift in Sources */,
				E79B6BC51D7AFE780048E0DF /* Entity.swift in Sources */,
				E7BC16061D7F434A00B02897 /* CircleView.swift in Sources */,
				E7C3D2471D803174007F5146 /* SequenceType + Record.swift in Sources */,
				E7FB89361D7B211700FEFD1B /* Model.xcdatamodeld in Sources */,
				E76570381D82D28400304D3E /* DatePickerViewController.swift in Sources */,
				E76570341D82BFDF00304D3E /* ColorCell.swift in Sources */,
				E79B6BCC1D7AFE780048E0DF /* Operation+Completion.swift in Sources */,
				E7BC15F61D7ED67E00B02897 /* RecordMapper.swift in Sources */,
				E7C3D2431D80120E007F5146 /* UITableViewCell + ReusableCell.swift in Sources */,
				E79B6BC61D7AFE780048E0DF /* Error.swift in Sources */,
				E734F8241D79CE95001E013C /* AppDelegate.swift in Sources */,
				E7C3D2411D800DB2007F5146 /* String+Localization.swift in Sources */,
			);
			runOnlyForDeploymentPostprocessing = 0;
		};
/* End PBXSourcesBuildPhase section */

/* Begin XCBuildConfiguration section */
		E734F8161D79CD33001E013C /* Debug */ = {
			isa = XCBuildConfiguration;
			buildSettings = {
				ALWAYS_SEARCH_USER_PATHS = NO;
				CLANG_ANALYZER_NONNULL = YES;
				CLANG_CXX_LANGUAGE_STANDARD = "gnu++0x";
				CLANG_CXX_LIBRARY = "libc++";
				CLANG_ENABLE_MODULES = YES;
				CLANG_ENABLE_OBJC_ARC = YES;
				CLANG_WARN_BOOL_CONVERSION = YES;
				CLANG_WARN_CONSTANT_CONVERSION = YES;
				CLANG_WARN_DIRECT_OBJC_ISA_USAGE = YES_ERROR;
				CLANG_WARN_EMPTY_BODY = YES;
				CLANG_WARN_ENUM_CONVERSION = YES;
				CLANG_WARN_INT_CONVERSION = YES;
				CLANG_WARN_OBJC_ROOT_CLASS = YES_ERROR;
				CLANG_WARN_UNREACHABLE_CODE = YES;
				CLANG_WARN__DUPLICATE_METHOD_MATCH = YES;
				"CODE_SIGN_IDENTITY[sdk=iphoneos*]" = "iPhone Developer";
				COPY_PHASE_STRIP = NO;
				DEBUG_INFORMATION_FORMAT = dwarf;
				ENABLE_STRICT_OBJC_MSGSEND = YES;
				ENABLE_TESTABILITY = YES;
				GCC_C_LANGUAGE_STANDARD = gnu99;
				GCC_DYNAMIC_NO_PIC = NO;
				GCC_NO_COMMON_BLOCKS = YES;
				GCC_OPTIMIZATION_LEVEL = 0;
				GCC_PREPROCESSOR_DEFINITIONS = (
					"DEBUG=1",
					"$(inherited)",
				);
				GCC_WARN_64_TO_32_BIT_CONVERSION = YES;
				GCC_WARN_ABOUT_RETURN_TYPE = YES_ERROR;
				GCC_WARN_UNDECLARED_SELECTOR = YES;
				GCC_WARN_UNINITIALIZED_AUTOS = YES_AGGRESSIVE;
				GCC_WARN_UNUSED_FUNCTION = YES;
				GCC_WARN_UNUSED_VARIABLE = YES;
				IPHONEOS_DEPLOYMENT_TARGET = 9.3;
				MTL_ENABLE_DEBUG_INFO = YES;
				ONLY_ACTIVE_ARCH = YES;
				SDKROOT = iphoneos;
				SWIFT_OPTIMIZATION_LEVEL = "-Onone";
			};
			name = Debug;
		};
		E734F8171D79CD33001E013C /* Release */ = {
			isa = XCBuildConfiguration;
			buildSettings = {
				ALWAYS_SEARCH_USER_PATHS = NO;
				CLANG_ANALYZER_NONNULL = YES;
				CLANG_CXX_LANGUAGE_STANDARD = "gnu++0x";
				CLANG_CXX_LIBRARY = "libc++";
				CLANG_ENABLE_MODULES = YES;
				CLANG_ENABLE_OBJC_ARC = YES;
				CLANG_WARN_BOOL_CONVERSION = YES;
				CLANG_WARN_CONSTANT_CONVERSION = YES;
				CLANG_WARN_DIRECT_OBJC_ISA_USAGE = YES_ERROR;
				CLANG_WARN_EMPTY_BODY = YES;
				CLANG_WARN_ENUM_CONVERSION = YES;
				CLANG_WARN_INT_CONVERSION = YES;
				CLANG_WARN_OBJC_ROOT_CLASS = YES_ERROR;
				CLANG_WARN_UNREACHABLE_CODE = YES;
				CLANG_WARN__DUPLICATE_METHOD_MATCH = YES;
				"CODE_SIGN_IDENTITY[sdk=iphoneos*]" = "iPhone Developer";
				COPY_PHASE_STRIP = NO;
				DEBUG_INFORMATION_FORMAT = "dwarf-with-dsym";
				ENABLE_NS_ASSERTIONS = NO;
				ENABLE_STRICT_OBJC_MSGSEND = YES;
				GCC_C_LANGUAGE_STANDARD = gnu99;
				GCC_NO_COMMON_BLOCKS = YES;
				GCC_WARN_64_TO_32_BIT_CONVERSION = YES;
				GCC_WARN_ABOUT_RETURN_TYPE = YES_ERROR;
				GCC_WARN_UNDECLARED_SELECTOR = YES;
				GCC_WARN_UNINITIALIZED_AUTOS = YES_AGGRESSIVE;
				GCC_WARN_UNUSED_FUNCTION = YES;
				GCC_WARN_UNUSED_VARIABLE = YES;
				IPHONEOS_DEPLOYMENT_TARGET = 9.3;
				MTL_ENABLE_DEBUG_INFO = NO;
				SDKROOT = iphoneos;
				VALIDATE_PRODUCT = YES;
			};
			name = Release;
		};
		E734F8191D79CD33001E013C /* Debug */ = {
			isa = XCBuildConfiguration;
			baseConfigurationReference = 60B54B651F52DAD56A33565E /* Pods-ESTPEvents.debug.xcconfig */;
			buildSettings = {
				ASSETCATALOG_COMPILER_APPICON_NAME = AppIcon;
				CODE_SIGN_ENTITLEMENTS = ESTPEvents/ESTPEvents.entitlements;
				INFOPLIST_FILE = ESTPEvents/Configuration/Info.plist;
				LD_RUNPATH_SEARCH_PATHS = "$(inherited) @executable_path/Frameworks";
				PRODUCT_BUNDLE_IDENTIFIER = "com.gz.Events-App";
				PRODUCT_NAME = "$(TARGET_NAME)";
			};
			name = Debug;
		};
		E734F81A1D79CD33001E013C /* Release */ = {
			isa = XCBuildConfiguration;
			baseConfigurationReference = 60B69657FD73DAE5B9293AD0 /* Pods-ESTPEvents.release.xcconfig */;
			buildSettings = {
				ASSETCATALOG_COMPILER_APPICON_NAME = AppIcon;
				CODE_SIGN_ENTITLEMENTS = ESTPEvents/ESTPEvents.entitlements;
				INFOPLIST_FILE = ESTPEvents/Configuration/Info.plist;
				LD_RUNPATH_SEARCH_PATHS = "$(inherited) @executable_path/Frameworks";
				PRODUCT_BUNDLE_IDENTIFIER = "com.gz.Events-App";
				PRODUCT_NAME = "$(TARGET_NAME)";
			};
			name = Release;
		};
/* End XCBuildConfiguration section */

/* Begin XCConfigurationList section */
		E734F8011D79CD33001E013C /* Build configuration list for PBXProject "ESTPEvents" */ = {
			isa = XCConfigurationList;
			buildConfigurations = (
				E734F8161D79CD33001E013C /* Debug */,
				E734F8171D79CD33001E013C /* Release */,
			);
			defaultConfigurationIsVisible = 0;
			defaultConfigurationName = Release;
		};
		E734F8181D79CD33001E013C /* Build configuration list for PBXNativeTarget "ESTPEvents" */ = {
			isa = XCConfigurationList;
			buildConfigurations = (
				E734F8191D79CD33001E013C /* Debug */,
				E734F81A1D79CD33001E013C /* Release */,
			);
			defaultConfigurationIsVisible = 0;
			defaultConfigurationName = Release;
		};
/* End XCConfigurationList section */

/* Begin XCVersionGroup section */
		E7FB89341D7B211700FEFD1B /* Model.xcdatamodeld */ = {
			isa = XCVersionGroup;
			children = (
				E7FB89351D7B211700FEFD1B /* Model.xcdatamodel */,
			);
			currentVersion = E7FB89351D7B211700FEFD1B /* Model.xcdatamodel */;
			name = Model.xcdatamodeld;
			path = Resources/Model.xcdatamodeld;
			sourceTree = "<group>";
			versionGroupType = wrapper.xcdatamodel;
		};
/* End XCVersionGroup section */
	};
	rootObject = E734F7FE1D79CD33001E013C /* Project object */;
}
